<?xml version="1.0" encoding="utf-8"?>
<Project ToolsVersion="4.0" xmlns="http://schemas.microsoft.com/developer/msbuild/2003">
  <ItemGroup>
    <Filter Include="源文件">
      <UniqueIdentifier>{4FC737F1-C7A5-4376-A066-2A32D752A2FF}</UniqueIdentifier>
      <Extensions>cpp;c;cc;cxx;c++;cppm;ixx;def;odl;idl;hpj;bat;asm;asmx</Extensions>
    </Filter>
    <Filter Include="头文件">
      <UniqueIdentifier>{93995380-89BD-4b04-88EB-625FBE52EBFB}</UniqueIdentifier>
      <Extensions>h;hh;hpp;hxx;h++;hm;inl;inc;ipp;xsd</Extensions>
    </Filter>
    <Filter Include="资源文件">
      <UniqueIdentifier>{67DA6AB6-F800-4c08-8B7A-83BB121AAD01}</UniqueIdentifier>
      <Extensions>rc;ico;cur;bmp;dlg;rc2;rct;bin;rgs;gif;jpg;jpeg;jpe;resx;tiff;tif;png;wav;mfcribbon-ms</Extensions>
    </Filter>
    <Filter Include="源文件\bit01数据类型">
      <UniqueIdentifier>{0ca4bd14-dfe4-4196-860c-3a5e799c0730}</UniqueIdentifier>
    </Filter>
    <Filter Include="源文件\bit02分支和循环">
      <UniqueIdentifier>{324da7b9-8833-4378-8e26-1b643732c6ab}</UniqueIdentifier>
    </Filter>
    <Filter Include="源文件\bit03函数">
      <UniqueIdentifier>{18a46e25-0c15-4517-a1e1-76a2f24695f2}</UniqueIdentifier>
    </Filter>
    <Filter Include="源文件\bit04数组">
      <UniqueIdentifier>{7701fd3f-1fce-4406-a402-020ca0ce9afd}</UniqueIdentifier>
    </Filter>
    <Filter Include="源文件\bit05指针">
      <UniqueIdentifier>{32180fe1-dc08-4dd9-b060-196edad87e40}</UniqueIdentifier>
    </Filter>
    <Filter Include="源文件\bit06结构体">
      <UniqueIdentifier>{724e7dbe-ab6b-449c-a0da-d70156b7c972}</UniqueIdentifier>
    </Filter>
    <Filter Include="源文件\函数库">
      <UniqueIdentifier>{67c38cc5-32e7-48dd-97fd-f4202d2fc7c2}</UniqueIdentifier>
    </Filter>
    <Filter Include="源文件\bit666windows api">
      <UniqueIdentifier>{b93a4e9e-2184-4c44-95f1-e3bd5f059788}</UniqueIdentifier>
    </Filter>
    <Filter Include="源文件\func-符串函数">
      <UniqueIdentifier>{920a9c7d-e4c1-4bd3-a6ec-55722dcec4cb}</UniqueIdentifier>
    </Filter>
  </ItemGroup>
  <ItemGroup>
    <ClCompile Include="if-learn.c">
      <Filter>源文件\bit02分支和循环</Filter>
    </ClCompile>
    <ClCompile Include="while-learn.c">
      <Filter>源文件\bit02分支和循环</Filter>
    </ClCompile>
    <ClCompile Include="array_learn.c">
      <Filter>源文件\bit04数组</Filter>
    </ClCompile>
    <ClCompile Include="windowsLeaarn.cpp">
      <Filter>源文件\bit666windows api</Filter>
    </ClCompile>
    <ClCompile Include="func_learn.c">
      <Filter>源文件\bit03函数</Filter>
    </ClCompile>
    <ClCompile Include="bool_learn.c">
      <Filter>源文件\bit01数据类型</Filter>
    </ClCompile>
    <ClCompile Include="sort_learn.c">
      <Filter>源文件\bit03函数</Filter>
    </ClCompile>
    <ClCompile Include="sort_learn_del_no_define.c">
      <Filter>源文件\bit03函数</Filter>
    </ClCompile>
    <ClCompile Include="sort_learn_repeat_define.c">
      <Filter>源文件\bit03函数</Filter>
    </ClCompile>
    <ClCompile Include="array2_learn.c">
      <Filter>源文件\bit04数组</Filter>
    </ClCompile>
    <ClCompile Include="pointLearn.c">
      <Filter>源文件\bit05指针</Filter>
    </ClCompile>
    <ClCompile Include="struct_learn.c">
      <Filter>源文件\bit06结构体</Filter>
    </ClCompile>
    <ClCompile Include="binaryLearn.c">
      <Filter>源文件\bit01数据类型</Filter>
    </ClCompile>
    <ClCompile Include="inputoutput.c">
      <Filter>源文件\函数库</Filter>
    </ClCompile>
    <ClCompile Include="ctypeLearn.cpp">
      <Filter>源文件\函数库</Filter>
    </ClCompile>
    <ClCompile Include="array_param.c">
      <Filter>源文件\bit04数组</Filter>
    </ClCompile>
    <ClCompile Include="type_learn.c">
      <Filter>源文件\bit01数据类型</Filter>
    </ClCompile>
    <ClCompile Include="static_learn.c">
      <Filter>源文件\bit01数据类型</Filter>
    </ClCompile>
    <ClCompile Include="const_learn.c">
      <Filter>源文件\bit01数据类型</Filter>
    </ClCompile>
    <ClCompile Include="struct_name.c">
      <Filter>源文件\bit06结构体</Filter>
    </ClCompile>
    <ClCompile Include="struct_each.c">
      <Filter>源文件\bit06结构体</Filter>
    </ClCompile>
    <ClCompile Include="struct_point.c">
      <Filter>源文件\bit06结构体</Filter>
    </ClCompile>
    <ClCompile Include="struct_param.c">
      <Filter>源文件\bit06结构体</Filter>
    </ClCompile>
    <ClCompile Include="mathLearn.cpp">
      <Filter>源文件\函数库</Filter>
    </ClCompile>
    <ClCompile Include="string_learn.c">
      <Filter>源文件\bit04数组</Filter>
    </ClCompile>
    <ClCompile Include="strLearn.cpp">
      <Filter>源文件\函数库</Filter>
    </ClCompile>
    <ClCompile Include="function_point.c">
      <Filter>源文件\bit05指针</Filter>
    </ClCompile>
    <ClCompile Include="arr_point.c">
      <Filter>源文件\bit05指针</Filter>
    </ClCompile>
    <ClCompile Include="point_qsort.c">
      <Filter>源文件\bit05指针</Filter>
    </ClCompile>
    <ClCompile Include="str_test.c">
      <Filter>源文件\func-符串函数</Filter>
    </ClCompile>
    <ClCompile Include="str_test2.cpp">
      <Filter>源文件\func-符串函数</Filter>
    </ClCompile>
    <ClCompile Include="test.c">
      <Filter>源文件</Filter>
    </ClCompile>
  </ItemGroup>
  <ItemGroup>
    <ClInclude Include="if-learn.h">
      <Filter>头文件</Filter>
    </ClInclude>
    <ClInclude Include="while-learn.h">
      <Filter>头文件</Filter>
    </ClInclude>
    <ClInclude Include="inputoutput.h">
      <Filter>头文件</Filter>
    </ClInclude>
    <ClInclude Include="sortLearn1.h">
      <Filter>头文件</Filter>
    </ClInclude>
    <ClInclude Include="sortLearn.h">
      <Filter>头文件</Filter>
    </ClInclude>
    <ClInclude Include="funcLearn.h">
      <Filter>头文件</Filter>
    </ClInclude>
    <ClInclude Include="type_learn.h">
      <Filter>头文件</Filter>
    </ClInclude>
  </ItemGroup>
</Project>